
Microsoft Visual Studio Solution File, Format Version 12.00
Project("{FAE04EC0-301F-11D3-BF4B-00C04F79EFBC}") = "OwlBank", "OwlBank\OwlBank.csproj", "{892B78C3-D1A1-4E71-9968-81EE38A85B69}"
EndProject
Project("{FAE04EC0-301F-11D3-BF4B-00C04F79EFBC}") = "OwlBank.Tests", "OwlBank.Tests\OwlBank.Tests.csproj", "{F85CD9A0-F6C1-4C0A-9D99-9D383D0FD984}"
EndProject
Global
	GlobalSection(SolutionConfigurationPlatforms) = preSolution
		Debug|Any CPU = Debug|Any CPU
		Release|Any CPU = Release|Any CPU
	EndGlobalSection
	GlobalSection(ProjectConfigurationPlatforms) = postSolution
		{892B78C3-D1A1-4E71-9968-81EE38A85B69}.Debug|Any CPU.ActiveCfg = Debug|Any CPU
		{892B78C3-D1A1-4E71-9968-81EE38A85B69}.Debug|Any CPU.Build.0 = Debug|Any CPU
		{892B78C3-D1A1-4E71-9968-81EE38A85B69}.Release|Any CPU.ActiveCfg = Release|Any CPU
		{892B78C3-D1A1-4E71-9968-81EE38A85B69}.Release|Any CPU.Build.0 = Release|Any CPU
		{F85CD9A0-F6C1-4C0A-9D99-9D383D0FD984}.Debug|Any CPU.ActiveCfg = Debug|Any CPU
		{F85CD9A0-F6C1-4C0A-9D99-9D383D0FD984}.Debug|Any CPU.Build.0 = Debug|Any CPU
		{F85CD9A0-F6C1-4C0A-9D99-9D383D0FD984}.Release|Any CPU.ActiveCfg = Release|Any CPU
		{F85CD9A0-F6C1-4C0A-9D99-9D383D0FD984}.Release|Any CPU.Build.0 = Release|Any CPU
	EndGlobalSection
EndGlobal
